
Microsoft Visual Studio Solution File, Format Version 12.00
# Visual Studio Version 17
VisualStudioVersion = 17.13.35828.75 d17.13
MinimumVisualStudioVersion = 10.0.40219.1
Project("{FAE04EC0-301F-11D3-BF4B-00C04F79EFBC}") = "BShop", "BShop\BShop.csproj", "{6C485083-BA29-4523-8D3D-FF8961D99CC9}"
EndProject
Project("{FAE04EC0-301F-11D3-BF4B-00C04F79EFBC}") = "BShop.Client", "BShop.Client\BShop.Client.csproj", "{39CFFB5E-8244-4D2F-8CAB-35ACAB53C048}"
EndProject
Project("{FAE04EC0-301F-11D3-BF4B-00C04F79EFBC}") = "BShop.Shared", "BShop.Shared\BShop.Shared.csproj", "{2F7D5E9C-E5A4-4D2F-9CAB-35ACAB53C049}"
EndProject
Global
	GlobalSection(SolutionConfigurationPlatforms) = preSolution
		Debug|Any CPU = Debug|Any CPU
		Release|Any CPU = Release|Any CPU
	EndGlobalSection
	GlobalSection(ProjectConfigurationPlatforms) = postSolution
		{6C485083-BA29-4523-8D3D-FF8961D99CC9}.Debug|Any CPU.ActiveCfg = Debug|Any CPU
		{6C485083-BA29-4523-8D3D-FF8961D99CC9}.Debug|Any CPU.Build.0 = Debug|Any CPU
		{6C485083-BA29-4523-8D3D-FF8961D99CC9}.Release|Any CPU.ActiveCfg = Release|Any CPU
		{6C485083-BA29-4523-8D3D-FF8961D99CC9}.Release|Any CPU.Build.0 = Release|Any CPU
		{39CFFB5E-8244-4D2F-8CAB-35ACAB53C048}.Debug|Any CPU.ActiveCfg = Debug|Any CPU
		{39CFFB5E-8244-4D2F-8CAB-35ACAB53C048}.Debug|Any CPU.Build.0 = Debug|Any CPU
		{39CFFB5E-8244-4D2F-8CAB-35ACAB53C048}.Release|Any CPU.ActiveCfg = Release|Any CPU
		{39CFFB5E-8244-4D2F-8CAB-35ACAB53C048}.Release|Any CPU.Build.0 = Release|Any CPU
		{2F7D5E9C-E5A4-4D2F-9CAB-35ACAB53C049}.Debug|Any CPU.ActiveCfg = Debug|Any CPU
		{2F7D5E9C-E5A4-4D2F-9CAB-35ACAB53C049}.Debug|Any CPU.Build.0 = Debug|Any CPU
		{2F7D5E9C-E5A4-4D2F-9CAB-35ACAB53C049}.Release|Any CPU.ActiveCfg = Release|Any CPU
		{2F7D5E9C-E5A4-4D2F-9CAB-35ACAB53C049}.Release|Any CPU.Build.0 = Release|Any CPU
		EndGlobalSection
	GlobalSection(SolutionProperties) = preSolution
		HideSolutionNode = FALSE
	EndGlobalSection
	GlobalSection(ExtensibilityGlobals) = postSolution
		SolutionGuid = {D29B9879-E263-46FC-B1DD-5E36EAEF8976}
	EndGlobalSection
EndGlobal
